// !$*UTF8*$!
{
	archiveVersion = 1;
	classes = {
	};
	objectVersion = 50;
	objects = {

/* Begin PBXBuildFile section */
		A30D2AF02178A89300FC6ECF /* AppDelegate.swift in Sources */ = {isa = PBXBuildFile; fileRef = A30D2AEF2178A89300FC6ECF /* AppDelegate.swift */; };
		A30D2AF22178A89300FC6ECF /* ViewController.swift in Sources */ = {isa = PBXBuildFile; fileRef = A30D2AF12178A89300FC6ECF /* ViewController.swift */; };
		A30D2AF52178A89300FC6ECF /* Main.storyboard in Resources */ = {isa = PBXBuildFile; fileRef = A30D2AF32178A89300FC6ECF /* Main.storyboard */; };
		A30D2AF82178A89300FC6ECF /* SpaceX.xcdatamodeld in Sources */ = {isa = PBXBuildFile; fileRef = A30D2AF62178A89300FC6ECF /* SpaceX.xcdatamodeld */; };
		A30D2AFA2178A8A000FC6ECF /* Assets.xcassets in Resources */ = {isa = PBXBuildFile; fileRef = A30D2AF92178A8A000FC6ECF /* Assets.xcassets */; };
		A30D2AFD2178A8A000FC6ECF /* LaunchScreen.storyboard in Resources */ = {isa = PBXBuildFile; fileRef = A30D2AFB2178A8A000FC6ECF /* LaunchScreen.storyboard */; };
		A30D2B0C2178CB7500FC6ECF /* LaunchingDetailsVC.swift in Sources */ = {isa = PBXBuildFile; fileRef = A30D2B0B2178CB7500FC6ECF /* LaunchingDetailsVC.swift */; };
		A373C4F52179EB3B0062E039 /* SpaceTableViewCell.swift in Sources */ = {isa = PBXBuildFile; fileRef = A373C4F32179EB3A0062E039 /* SpaceTableViewCell.swift */; };
		A373C4F62179EB3B0062E039 /* SpaceTableViewCell.xib in Resources */ = {isa = PBXBuildFile; fileRef = A373C4F42179EB3A0062E039 /* SpaceTableViewCell.xib */; };
/* End PBXBuildFile section */

/* Begin PBXFileReference section */
		A30D2AEC2178A89300FC6ECF /* SpaceX.app */ = {isa = PBXFileReference; explicitFileType = wrapper.application; includeInIndex = 0; path = SpaceX.app; sourceTree = BUILT_PRODUCTS_DIR; };
		A30D2AEF2178A89300FC6ECF /* AppDelegate.swift */ = {isa = PBXFileReference; lastKnownFileType = sourcecode.swift; path = AppDelegate.swift; sourceTree = "<group>"; };
		A30D2AF12178A89300FC6ECF /* ViewController.swift */ = {isa = PBXFileReference; lastKnownFileType = sourcecode.swift; path = ViewController.swift; sourceTree = "<group>"; };
		A30D2AF42178A89300FC6ECF /* Base */ = {isa = PBXFileReference; lastKnownFileType = file.storyboard; name = Base; path = Base.lproj/Main.storyboard; sourceTree = "<group>"; };
		A30D2AF72178A89300FC6ECF /* SpaceX.xcdatamodel */ = {isa = PBXFileReference; lastKnownFileType = wrapper.xcdatamodel; path = SpaceX.xcdatamodel; sourceTree = "<group>"; };
		A30D2AF92178A8A000FC6ECF /* Assets.xcassets */ = {isa = PBXFileReference; lastKnownFileType = folder.assetcatalog; path = Assets.xcassets; sourceTree = "<group>"; };
		A30D2AFC2178A8A000FC6ECF /* Base */ = {isa = PBXFileReference; lastKnownFileType = file.storyboard; name = Base; path = Base.lproj/LaunchScreen.storyboard; sourceTree = "<group>"; };
		A30D2AFE2178A8A000FC6ECF /* Info.plist */ = {isa = PBXFileReference; lastKnownFileType = text.plist.xml; path = Info.plist; sourceTree = "<group>"; };
		A30D2B0B2178CB7500FC6ECF /* LaunchingDetailsVC.swift */ = {isa = PBXFileReference; lastKnownFileType = sourcecode.swift; path = LaunchingDetailsVC.swift; sourceTree = "<group>"; };
		A373C4F32179EB3A0062E039 /* SpaceTableViewCell.swift */ = {isa = PBXFileReference; fileEncoding = 4; lastKnownFileType = sourcecode.swift; path = SpaceTableViewCell.swift; sourceTree = "<group>"; };
		A373C4F42179EB3A0062E039 /* SpaceTableViewCell.xib */ = {isa = PBXFileReference; fileEncoding = 4; lastKnownFileType = file.xib; path = SpaceTableViewCell.xib; sourceTree = "<group>"; };
/* End PBXFileReference section */

/* Begin PBXFrameworksBuildPhase section */
		A30D2AE92178A89300FC6ECF /* Frameworks */ = {
			isa = PBXFrameworksBuildPhase;
			buildActionMask = 2147483647;
			files = (
			);
			runOnlyForDeploymentPostprocessing = 0;
		};
/* End PBXFrameworksBuildPhase section */

/* Begin PBXGroup section */
		A30D2AE32178A89300FC6ECF = {
			isa = PBXGroup;
			children = (
				A30D2AEE2178A89300FC6ECF /* SpaceX */,
				A30D2AED2178A89300FC6ECF /* Products */,
			);
			sourceTree = "<group>";
		};
		A30D2AED2178A89300FC6ECF /* Products */ = {
			isa = PBXGroup;
			children = (
				A30D2AEC2178A89300FC6ECF /* SpaceX.app */,
			);
			name = Products;
			sourceTree = "<group>";
		};
		A30D2AEE2178A89300FC6ECF /* SpaceX */ = {
			isa = PBXGroup;
			children = (
				A373C4F22179EB3A0062E039 /* Cell */,
				A30D2AEF2178A89300FC6ECF /* AppDelegate.swift */,
				A30D2B0B2178CB7500FC6ECF /* LaunchingDetailsVC.swift */,
				A30D2AF12178A89300FC6ECF /* ViewController.swift */,
				A30D2AF32178A89300FC6ECF /* Main.storyboard */,
				A30D2AF92178A8A000FC6ECF /* Assets.xcassets */,
				A30D2AFB2178A8A000FC6ECF /* LaunchScreen.storyboard */,
				A30D2AFE2178A8A000FC6ECF /* Info.plist */,
				A30D2AF62178A89300FC6ECF /* SpaceX.xcdatamodeld */,
			);
			path = SpaceX;
			sourceTree = "<group>";
		};
		A373C4F22179EB3A0062E039 /* Cell */ = {
			isa = PBXGroup;
			children = (
				A373C4F32179EB3A0062E039 /* SpaceTableViewCell.swift */,
				A373C4F42179EB3A0062E039 /* SpaceTableViewCell.xib */,
			);
			path = Cell;
			sourceTree = "<group>";
		};
/* End PBXGroup section */

/* Begin PBXNativeTarget section */
		A30D2AEB2178A89300FC6ECF /* SpaceX */ = {
			isa = PBXNativeTarget;
			buildConfigurationList = A30D2B012178A8A000FC6ECF /* Build configuration list for PBXNativeTarget "SpaceX" */;
			buildPhases = (
				A30D2AE82178A89300FC6ECF /* Sources */,
				A30D2AE92178A89300FC6ECF /* Frameworks */,
				A30D2AEA2178A89300FC6ECF /* Resources */,
			);
			buildRules = (
			);
			dependencies = (
			);
			name = SpaceX;
			productName = SpaceX;
			productReference = A30D2AEC2178A89300FC6ECF /* SpaceX.app */;
			productType = "com.apple.product-type.application";
		};
/* End PBXNativeTarget section */

/* Begin PBXProject section */
		A30D2AE42178A89300FC6ECF /* Project object */ = {
			isa = PBXProject;
			attributes = {
				LastSwiftUpdateCheck = 0940;
				LastUpgradeCheck = 0940;
				ORGANIZATIONNAME = Himanshu;
				TargetAttributes = {
					A30D2AEB2178A89300FC6ECF = {
						CreatedOnToolsVersion = 9.4.1;
					};
				};
			};
			buildConfigurationList = A30D2AE72178A89300FC6ECF /* Build configuration list for PBXProject "SpaceX" */;
			compatibilityVersion = "Xcode 9.3";
			developmentRegion = en;
			hasScannedForEncodings = 0;
			knownRegions = (
				en,
				Base,
			);
			mainGroup = A30D2AE32178A89300FC6ECF;
			productRefGroup = A30D2AED2178A89300FC6ECF /* Products */;
			projectDirPath = "";
			projectRoot = "";
			targets = (
				A30D2AEB2178A89300FC6ECF /* SpaceX */,
			);
		};
/* End PBXProject section */

/* Begin PBXResourcesBuildPhase section */
		A30D2AEA2178A89300FC6ECF /* Resources */ = {
			isa = PBXResourcesBuildPhase;
			buildActionMask = 2147483647;
			files = (
				A30D2AFD2178A8A000FC6ECF /* LaunchScreen.storyboard in Resources */,
				A30D2AFA2178A8A000FC6ECF /* Assets.xcassets in Resources */,
				A373C4F62179EB3B0062E039 /* SpaceTableViewCell.xib in Resources */,
				A30D2AF52178A89300FC6ECF /* Main.storyboard in Resources */,
			);
			runOnlyForDeploymentPostprocessing = 0;
		};
/* End PBXResourcesBuildPhase section */

/* Begin PBXSourcesBuildPhase section */
		A30D2AE82178A89300FC6ECF /* Sources */ = {
			isa = PBXSourcesBuildPhase;
			buildActionMask = 2147483647;
			files = (
				A30D2AF22178A89300FC6ECF /* ViewController.swift in Sources */,
				A30D2B0C2178CB7500FC6ECF /* LaunchingDetailsVC.swift in Sources */,
				A373C4F52179EB3B0062E039 /* SpaceTableViewCell.swift in Sources */,
				A30D2AF82178A89300FC6ECF /* SpaceX.xcdatamodeld in Sources */,
				A30D2AF02178A89300FC6ECF /* AppDelegate.swift in Sources */,
			);
			runOnlyForDeploymentPostprocessing = 0;
		};
/* End PBXSourcesBuildPhase section */

/* Begin PBXVariantGroup section */
		A30D2AF32178A89300FC6ECF /* Main.storyboard */ = {
			isa = PBXVariantGroup;
			children = (
				A30D2AF42178A89300FC6ECF /* Base */,
			);
			name = Main.storyboard;
			sourceTree = "<group>";
		};
		A30D2AFB2178A8A000FC6ECF /* LaunchScreen.storyboard */ = {
			isa = PBXVariantGroup;
			children = (
				A30D2AFC2178A8A000FC6ECF /* Base */,
			);
			name = LaunchScreen.storyboard;
			sourceTree = "<group>";
		};
/* End PBXVariantGroup section */

/* Begin XCBuildConfiguration section */
		A30D2AFF2178A8A000FC6ECF /* Debug */ = {
			isa = XCBuildConfiguration;
			buildSettings = {
				ALWAYS_SEARCH_USER_PATHS = NO;
				CLANG_ANALYZER_NONNULL = YES;
				CLANG_ANALYZER_NUMBER_OBJECT_CONVERSION = YES_AGGRESSIVE;
				CLANG_CXX_LANGUAGE_STANDARD = "gnu++14";
				CLANG_CXX_LIBRARY = "libc++";
				CLANG_ENABLE_MODULES = YES;
				CLANG_ENABLE_OBJC_ARC = YES;
				CLANG_ENABLE_OBJC_WEAK = YES;
				CLANG_WARN_BLOCK_CAPTURE_AUTORELEASING = YES;
				CLANG_WARN_BOOL_CONVERSION = YES;
				CLANG_WARN_COMMA = YES;
				CLANG_WARN_CONSTANT_CONVERSION = YES;
				CLANG_WARN_DEPRECATED_OBJC_IMPLEMENTATIONS = YES;
				CLANG_WARN_DIRECT_OBJC_ISA_USAGE = YES_ERROR;
				CLANG_WARN_DOCUMENTATION_COMMENTS = YES;
				CLANG_WARN_EMPTY_BODY = YES;
				CLANG_WARN_ENUM_CONVERSION = YES;
				CLANG_WARN_INFINITE_RECURSION = YES;
				CLANG_WARN_INT_CONVERSION = YES;
				CLANG_WARN_NON_LITERAL_NULL_CONVERSION = YES;
				CLANG_WARN_OBJC_IMPLICIT_RETAIN_SELF = YES;
				CLANG_WARN_OBJC_LITERAL_CONVERSION = YES;
				CLANG_WARN_OBJC_ROOT_CLASS = YES_ERROR;
				CLANG_WARN_RANGE_LOOP_ANALYSIS = YES;
				CLANG_WARN_STRICT_PROTOTYPES = YES;
				CLANG_WARN_SUSPICIOUS_MOVE = YES;
				CLANG_WARN_UNGUARDED_AVAILABILITY = YES_AGGRESSIVE;
				CLANG_WARN_UNREACHABLE_CODE = YES;
				CLANG_WARN__DUPLICATE_METHOD_MATCH = YES;
				CODE_SIGN_IDENTITY = "iPhone Developer";
				COPY_PHASE_STRIP = NO;
				DEBUG_INFORMATION_FORMAT = dwarf;
				ENABLE_STRICT_OBJC_MSGSEND = YES;
				ENABLE_TESTABILITY = YES;
				GCC_C_LANGUAGE_STANDARD = gnu11;
				GCC_DYNAMIC_NO_PIC = NO;
				GCC_NO_COMMON_BLOCKS = YES;
				GCC_OPTIMIZATION_LEVEL = 0;
				GCC_PREPROCESSOR_DEFINITIONS = (
					"DEBUG=1",
					"$(inherited)",
				);
				GCC_WARN_64_TO_32_BIT_CONVERSION = YES;
				GCC_WARN_ABOUT_RETURN_TYPE = YES_ERROR;
				GCC_WARN_UNDECLARED_SELECTOR = YES;
				GCC_WARN_UNINITIALIZED_AUTOS = YES_AGGRESSIVE;
				GCC_WARN_UNUSED_FUNCTION = YES;
				GCC_WARN_UNUSED_VARIABLE = YES;
				IPHONEOS_DEPLOYMENT_TARGET = 11.4;
				MTL_ENABLE_DEBUG_INFO = YES;
				ONLY_ACTIVE_ARCH = YES;
				SDKROOT = iphoneos;
				SWIFT_ACTIVE_COMPILATION_CONDITIONS = DEBUG;
				SWIFT_OPTIMIZATION_LEVEL = "-Onone";
			};
			name = Debug;
		};
		A30D2B002178A8A000FC6ECF /* Release */ = {
			isa = XCBuildConfiguration;
			buildSettings = {
				ALWAYS_SEARCH_USER_PATHS = NO;
				CLANG_ANALYZER_NONNULL = YES;
				CLANG_ANALYZER_NUMBER_OBJECT_CONVERSION = YES_AGGRESSIVE;
				CLANG_CXX_LANGUAGE_STANDARD = "gnu++14";
				CLANG_CXX_LIBRARY = "libc++";
				CLANG_ENABLE_MODULES = YES;
				CLANG_ENABLE_OBJC_ARC = YES;
				CLANG_ENABLE_OBJC_WEAK = YES;
				CLANG_WARN_BLOCK_CAPTURE_AUTORELEASING = YES;
				CLANG_WARN_BOOL_CONVERSION = YES;
				CLANG_WARN_COMMA = YES;
				CLANG_WARN_CONSTANT_CONVERSION = YES;
				CLANG_WARN_DEPRECATED_OBJC_IMPLEMENTATIONS = YES;
				CLANG_WARN_DIRECT_OBJC_ISA_USAGE = YES_ERROR;
				CLANG_WARN_DOCUMENTATION_COMMENTS = YES;
				CLANG_WARN_EMPTY_BODY = YES;
				CLANG_WARN_ENUM_CONVERSION = YES;
				CLANG_WARN_INFINITE_RECURSION = YES;
				CLANG_WARN_INT_CONVERSION = YES;
				CLANG_WARN_NON_LITERAL_NULL_CONVERSION = YES;
				CLANG_WARN_OBJC_IMPLICIT_RETAIN_SELF = YES;
				CLANG_WARN_OBJC_LITERAL_CONVERSION = YES;
				CLANG_WARN_OBJC_ROOT_CLASS = YES_ERROR;
				CLANG_WARN_RANGE_LOOP_ANALYSIS = YES;
				CLANG_WARN_STRICT_PROTOTYPES = YES;
				CLANG_WARN_SUSPICIOUS_MOVE = YES;
				CLANG_WARN_UNGUARDED_AVAILABILITY = YES_AGGRESSIVE;
				CLANG_WARN_UNREACHABLE_CODE = YES;
				CLANG_WARN__DUPLICATE_METHOD_MATCH = YES;
				CODE_SIGN_IDENTITY = "iPhone Developer";
				COPY_PHASE_STRIP = NO;
				DEBUG_INFORMATION_FORMAT = "dwarf-with-dsym";
				ENABLE_NS_ASSERTIONS = NO;
				ENABLE_STRICT_OBJC_MSGSEND = YES;
				GCC_C_LANGUAGE_STANDARD = gnu11;
				GCC_NO_COMMON_BLOCKS = YES;
				GCC_WARN_64_TO_32_BIT_CONVERSION = YES;
				GCC_WARN_ABOUT_RETURN_TYPE = YES_ERROR;
				GCC_WARN_UNDECLARED_SELECTOR = YES;
				GCC_WARN_UNINITIALIZED_AUTOS = YES_AGGRESSIVE;
				GCC_WARN_UNUSED_FUNCTION = YES;
				GCC_WARN_UNUSED_VARIABLE = YES;
				IPHONEOS_DEPLOYMENT_TARGET = 11.4;
				MTL_ENABLE_DEBUG_INFO = NO;
				SDKROOT = iphoneos;
				SWIFT_COMPILATION_MODE = wholemodule;
				SWIFT_OPTIMIZATION_LEVEL = "-O";
				VALIDATE_PRODUCT = YES;
			};
			name = Release;
		};
		A30D2B022178A8A000FC6ECF /* Debug */ = {
			isa = XCBuildConfiguration;
			buildSettings = {
				ASSETCATALOG_COMPILER_APPICON_NAME = AppIcon;
				CODE_SIGN_STYLE = Automatic;
				DEVELOPMENT_TEAM = L4MK25CV2S;
				INFOPLIST_FILE = SpaceX/Info.plist;
				LD_RUNPATH_SEARCH_PATHS = (
					"$(inherited)",
					"@executable_path/Frameworks",
				);
				PRODUCT_BUNDLE_IDENTIFIER = com.vrinsoft.SpaceX;
				PRODUCT_NAME = "$(TARGET_NAME)";
				SWIFT_VERSION = 4.0;
				TARGETED_DEVICE_FAMILY = "1,2";
			};
			name = Debug;
		};
		A30D2B032178A8A000FC6ECF /* Release */ = {
			isa = XCBuildConfiguration;
			buildSettings = {
				ASSETCATALOG_COMPILER_APPICON_NAME = AppIcon;
				CODE_SIGN_STYLE = Automatic;
				DEVELOPMENT_TEAM = L4MK25CV2S;
				INFOPLIST_FILE = SpaceX/Info.plist;
				LD_RUNPATH_SEARCH_PATHS = (
					"$(inherited)",
					"@executable_path/Frameworks",
				);
				PRODUCT_BUNDLE_IDENTIFIER = com.vrinsoft.SpaceX;
				PRODUCT_NAME = "$(TARGET_NAME)";
				SWIFT_VERSION = 4.0;
				TARGETED_DEVICE_FAMILY = "1,2";
			};
			name = Release;
		};
/* End XCBuildConfiguration section */

/* Begin XCConfigurationList section */
		A30D2AE72178A89300FC6ECF /* Build configuration list for PBXProject "SpaceX" */ = {
			isa = XCConfigurationList;
			buildConfigurations = (
				A30D2AFF2178A8A000FC6ECF /* Debug */,
				A30D2B002178A8A000FC6ECF /* Release */,
			);
			defaultConfigurationIsVisible = 0;
			defaultConfigurationName = Release;
		};
		A30D2B012178A8A000FC6ECF /* Build configuration list for PBXNativeTarget "SpaceX" */ = {
			isa = XCConfigurationList;
			buildConfigurations = (
				A30D2B022178A8A000FC6ECF /* Debug */,
				A30D2B032178A8A000FC6ECF /* Release */,
			);
			defaultConfigurationIsVisible = 0;
			defaultConfigurationName = Release;
		};
/* End XCConfigurationList section */

/* Begin XCVersionGroup section */
		A30D2AF62178A89300FC6ECF /* SpaceX.xcdatamodeld */ = {
			isa = XCVersionGroup;
			children = (
				A30D2AF72178A89300FC6ECF /* SpaceX.xcdatamodel */,
			);
			currentVersion = A30D2AF72178A89300FC6ECF /* SpaceX.xcdatamodel */;
			path = SpaceX.xcdatamodeld;
			sourceTree = "<group>";
			versionGroupType = wrapper.xcdatamodel;
		};
/* End XCVersionGroup section */
	};
	rootObject = A30D2AE42178A89300FC6ECF /* Project object */;
}
